
Microsoft Visual Studio Solution File, Format Version 12.00
Project("{FAE04EC0-301F-11D3-BF4B-00C04F79EFBC}") = "www", "www\www.csproj", "{594A535A-AB12-4961-8592-4454426D5AEC}"
EndProject
Global
	GlobalSection(SolutionConfigurationPlatforms) = preSolution
		Debug|Any CPU = Debug|Any CPU
		Release|Any CPU = Release|Any CPU
	EndGlobalSection
	GlobalSection(ProjectConfigurationPlatforms) = postSolution
		{594A535A-AB12-4961-8592-4454426D5AEC}.Debug|Any CPU.ActiveCfg = Debug|Any CPU
		{594A535A-AB12-4961-8592-4454426D5AEC}.Debug|Any CPU.Build.0 = Debug|Any CPU
		{594A535A-AB12-4961-8592-4454426D5AEC}.Release|Any CPU.ActiveCfg = Release|Any CPU
		{594A535A-AB12-4961-8592-4454426D5AEC}.Release|Any CPU.Build.0 = Release|Any CPU
	EndGlobalSection
EndGlobal
